
Microsoft Visual Studio Solution File, Format Version 12.00
Project("{FAE04EC0-301F-11D3-BF4B-00C04F79EFBC}") = "LinkedList", "LinkedList\LinkedList.csproj", "{A76AA2FB-3029-49FF-8FA4-E8B9ADAE2A81}"
EndProject
Project("{FAE04EC0-301F-11D3-BF4B-00C04F79EFBC}") = "Array", "Array\Array.csproj", "{BEFF8690-F08F-45C1-99F4-E03DD6F8E8D8}"
EndProject
Project("{FAE04EC0-301F-11D3-BF4B-00C04F79EFBC}") = "Queue", "Queue\Queue.csproj", "{75EBC1CA-7A55-4019-B962-8CA20A46FBB6}"
EndProject
Global
	GlobalSection(SolutionConfigurationPlatforms) = preSolution
		Debug|Any CPU = Debug|Any CPU
		Release|Any CPU = Release|Any CPU
	EndGlobalSection
	GlobalSection(ProjectConfigurationPlatforms) = postSolution
		{A76AA2FB-3029-49FF-8FA4-E8B9ADAE2A81}.Debug|Any CPU.ActiveCfg = Debug|Any CPU
		{A76AA2FB-3029-49FF-8FA4-E8B9ADAE2A81}.Debug|Any CPU.Build.0 = Debug|Any CPU
		{A76AA2FB-3029-49FF-8FA4-E8B9ADAE2A81}.Release|Any CPU.ActiveCfg = Release|Any CPU
		{A76AA2FB-3029-49FF-8FA4-E8B9ADAE2A81}.Release|Any CPU.Build.0 = Release|Any CPU
		{BEFF8690-F08F-45C1-99F4-E03DD6F8E8D8}.Debug|Any CPU.ActiveCfg = Debug|Any CPU
		{BEFF8690-F08F-45C1-99F4-E03DD6F8E8D8}.Debug|Any CPU.Build.0 = Debug|Any CPU
		{BEFF8690-F08F-45C1-99F4-E03DD6F8E8D8}.Release|Any CPU.ActiveCfg = Release|Any CPU
		{BEFF8690-F08F-45C1-99F4-E03DD6F8E8D8}.Release|Any CPU.Build.0 = Release|Any CPU
		{75EBC1CA-7A55-4019-B962-8CA20A46FBB6}.Debug|Any CPU.ActiveCfg = Debug|Any CPU
		{75EBC1CA-7A55-4019-B962-8CA20A46FBB6}.Debug|Any CPU.Build.0 = Debug|Any CPU
		{75EBC1CA-7A55-4019-B962-8CA20A46FBB6}.Release|Any CPU.ActiveCfg = Release|Any CPU
		{75EBC1CA-7A55-4019-B962-8CA20A46FBB6}.Release|Any CPU.Build.0 = Release|Any CPU
	EndGlobalSection
EndGlobal
